
Microsoft Visual Studio Solution File, Format Version 12.00
# Visual Studio 15
VisualStudioVersion = 15.0.28010.2041
MinimumVisualStudioVersion = 10.0.40219.1
Project("{8BC9CEB8-8B4A-11D0-8D11-00A0C91BC942}") = "VulkanEngine", "VulkanEngine\VulkanEngine.vcxproj", "{BAAD2943-8B56-40AA-8E96-8B45B4582186}"
EndProject
Global
	GlobalSection(SolutionConfigurationPlatforms) = preSolution
		Debug|x64 = Debug|x64
		Debug|x86 = Debug|x86
		Release|x64 = Release|x64
		Release|x86 = Release|x86
	EndGlobalSection
	GlobalSection(ProjectConfigurationPlatforms) = postSolution
		{BAAD2943-8B56-40AA-8E96-8B45B4582186}.Debug|x64.ActiveCfg = Debug|x64
		{BAAD2943-8B56-40AA-8E96-8B45B4582186}.Debug|x64.Build.0 = Debug|x64
		{BAAD2943-8B56-40AA-8E96-8B45B4582186}.Debug|x86.ActiveCfg = Debug|Win32
		{BAAD2943-8B56-40AA-8E96-8B45B4582186}.Debug|x86.Build.0 = Debug|Win32
		{BAAD2943-8B56-40AA-8E96-8B45B4582186}.Release|x64.ActiveCfg = Release|x64
		{BAAD2943-8B56-40AA-8E96-8B45B4582186}.Release|x64.Build.0 = Release|x64
		{BAAD2943-8B56-40AA-8E96-8B45B4582186}.Release|x86.ActiveCfg = Release|Win32
		{BAAD2943-8B56-40AA-8E96-8B45B4582186}.Release|x86.Build.0 = Release|Win32
	EndGlobalSection
	GlobalSection(SolutionProperties) = preSolution
		HideSolutionNode = FALSE
	EndGlobalSection
	GlobalSection(ExtensibilityGlobals) = postSolution
		SolutionGuid = {DE7080F1-4BEA-48A4-9E46-3DA63E5D078B}
	EndGlobalSection
EndGlobal
